
Microsoft Visual Studio Solution File, Format Version 12.00
# Visual Studio 14
VisualStudioVersion = 14.0.25420.1
MinimumVisualStudioVersion = 10.0.40219.1
Project("{FAE04EC0-301F-11D3-BF4B-00C04F79EFBC}") = "SIDC Development Helper", "SIDC Development Helper\SIDC Development Helper.csproj", "{AECD969B-ED13-4AF5-8DB5-313422FBD46C}"
EndProject
Project("{FAE04EC0-301F-11D3-BF4B-00C04F79EFBC}") = "SIDCMySQLHelper", "SIDCMySQLHelper\SIDCMySQLHelper.csproj", "{99ABD5B5-F7D3-46CC-8774-3A6F0E3A6834}"
EndProject
Project("{FAE04EC0-301F-11D3-BF4B-00C04F79EFBC}") = "Test", "Test\Test.csproj", "{6CBC0020-C790-4E75-9024-C28577E9A56C}"
EndProject
Global
	GlobalSection(SolutionConfigurationPlatforms) = preSolution
		Debug|Any CPU = Debug|Any CPU
		Release|Any CPU = Release|Any CPU
	EndGlobalSection
	GlobalSection(ProjectConfigurationPlatforms) = postSolution
		{AECD969B-ED13-4AF5-8DB5-313422FBD46C}.Debug|Any CPU.ActiveCfg = Debug|Any CPU
		{AECD969B-ED13-4AF5-8DB5-313422FBD46C}.Debug|Any CPU.Build.0 = Debug|Any CPU
		{AECD969B-ED13-4AF5-8DB5-313422FBD46C}.Release|Any CPU.ActiveCfg = Release|Any CPU
		{AECD969B-ED13-4AF5-8DB5-313422FBD46C}.Release|Any CPU.Build.0 = Release|Any CPU
		{99ABD5B5-F7D3-46CC-8774-3A6F0E3A6834}.Debug|Any CPU.ActiveCfg = Debug|Any CPU
		{99ABD5B5-F7D3-46CC-8774-3A6F0E3A6834}.Debug|Any CPU.Build.0 = Debug|Any CPU
		{99ABD5B5-F7D3-46CC-8774-3A6F0E3A6834}.Release|Any CPU.ActiveCfg = Release|Any CPU
		{99ABD5B5-F7D3-46CC-8774-3A6F0E3A6834}.Release|Any CPU.Build.0 = Release|Any CPU
		{6CBC0020-C790-4E75-9024-C28577E9A56C}.Debug|Any CPU.ActiveCfg = Debug|Any CPU
		{6CBC0020-C790-4E75-9024-C28577E9A56C}.Debug|Any CPU.Build.0 = Debug|Any CPU
		{6CBC0020-C790-4E75-9024-C28577E9A56C}.Release|Any CPU.ActiveCfg = Release|Any CPU
		{6CBC0020-C790-4E75-9024-C28577E9A56C}.Release|Any CPU.Build.0 = Release|Any CPU
	EndGlobalSection
	GlobalSection(SolutionProperties) = preSolution
		HideSolutionNode = FALSE
	EndGlobalSection
EndGlobal
